
Microsoft Visual Studio Solution File, Format Version 12.00
# Visual Studio Version 17
VisualStudioVersion = 17.3.32804.467
MinimumVisualStudioVersion = 10.0.40219.1
Project("{9A19103F-16F7-4668-BE54-9A1E7A4F7556}") = "ElProyecto", "ElProyecto.csproj", "{731841DC-C07D-45EF-91D7-B189648D7C7A}"
EndProject
Project("{9A19103F-16F7-4668-BE54-9A1E7A4F7556}") = "CONTROLADOR", "..\CONTROLADOR\CONTROLADOR.csproj", "{9B76F8B3-932A-4ED1-A313-8DB2E349D1CB}"
EndProject
Project("{9A19103F-16F7-4668-BE54-9A1E7A4F7556}") = "MODELO", "..\MODELO\MODELO.csproj", "{D63E91E8-0F30-461F-BE5E-DC94A783AB11}"
EndProject
Global
	GlobalSection(SolutionConfigurationPlatforms) = preSolution
		Debug|Any CPU = Debug|Any CPU
		Release|Any CPU = Release|Any CPU
	EndGlobalSection
	GlobalSection(ProjectConfigurationPlatforms) = postSolution
		{731841DC-C07D-45EF-91D7-B189648D7C7A}.Debug|Any CPU.ActiveCfg = Debug|Any CPU
		{731841DC-C07D-45EF-91D7-B189648D7C7A}.Debug|Any CPU.Build.0 = Debug|Any CPU
		{731841DC-C07D-45EF-91D7-B189648D7C7A}.Release|Any CPU.ActiveCfg = Release|Any CPU
		{731841DC-C07D-45EF-91D7-B189648D7C7A}.Release|Any CPU.Build.0 = Release|Any CPU
		{9B76F8B3-932A-4ED1-A313-8DB2E349D1CB}.Debug|Any CPU.ActiveCfg = Debug|Any CPU
		{9B76F8B3-932A-4ED1-A313-8DB2E349D1CB}.Debug|Any CPU.Build.0 = Debug|Any CPU
		{9B76F8B3-932A-4ED1-A313-8DB2E349D1CB}.Release|Any CPU.ActiveCfg = Release|Any CPU
		{9B76F8B3-932A-4ED1-A313-8DB2E349D1CB}.Release|Any CPU.Build.0 = Release|Any CPU
		{D63E91E8-0F30-461F-BE5E-DC94A783AB11}.Debug|Any CPU.ActiveCfg = Debug|Any CPU
		{D63E91E8-0F30-461F-BE5E-DC94A783AB11}.Debug|Any CPU.Build.0 = Debug|Any CPU
		{D63E91E8-0F30-461F-BE5E-DC94A783AB11}.Release|Any CPU.ActiveCfg = Release|Any CPU
		{D63E91E8-0F30-461F-BE5E-DC94A783AB11}.Release|Any CPU.Build.0 = Release|Any CPU
	EndGlobalSection
	GlobalSection(SolutionProperties) = preSolution
		HideSolutionNode = FALSE
	EndGlobalSection
	GlobalSection(ExtensibilityGlobals) = postSolution
		SolutionGuid = {598DBDE4-E6E2-41F3-97C9-A2CBF26E0F4F}
	EndGlobalSection
EndGlobal
